
Microsoft Visual Studio Solution File, Format Version 12.00
# Visual Studio Version 16
VisualStudioVersion = 16.0.32802.440
MinimumVisualStudioVersion = 10.0.40219.1
Project("{9A19103F-16F7-4668-BE54-9A1E7A4F7556}") = "ConsoleApp1", "ConsoleApp1\ConsoleApp1.csproj", "{FA8E8264-85A3-4CE8-BAB2-EF86DE64FCDF}"
EndProject
Project("{9A19103F-16F7-4668-BE54-9A1E7A4F7556}") = "ConsoleApp2-Path", "ConsoleApp2-Path\ConsoleApp2-Path.csproj", "{2EBB11FF-FF19-4DB0-A8E8-C85785ED1A70}"
EndProject
Project("{9A19103F-16F7-4668-BE54-9A1E7A4F7556}") = "ConsoleApp2-List", "ConsoleApp2-List\ConsoleApp2-List.csproj", "{563D714D-30F6-4854-B9F7-ACBFED79963F}"
EndProject
Project("{9A19103F-16F7-4668-BE54-9A1E7A4F7556}") = "ConsoleApp2-FileStream", "ConsoleApp2-FileStream\ConsoleApp2-FileStream.csproj", "{55CA6979-4B49-4005-800B-C48086841EC2}"
EndProject
Project("{9A19103F-16F7-4668-BE54-9A1E7A4F7556}") = "ConsoleApp2-访问修饰符", "ConsoleApp2-访问修饰符\ConsoleApp2-访问修饰符.csproj", "{FF292DDD-8770-46C4-AF17-686D0872F6B3}"
EndProject
Project("{9A19103F-16F7-4668-BE54-9A1E7A4F7556}") = "ConsoleApp2-访问修饰符2", "ConsoleApp2-访问修饰符2\ConsoleApp2-访问修饰符2.csproj", "{A607D058-395F-425C-B3AA-1BAED6305121}"
EndProject
Project("{9A19103F-16F7-4668-BE54-9A1E7A4F7556}") = "ConsoleApp2-简单工厂模式", "ConsoleApp2-简单工厂模式\ConsoleApp2-简单工厂模式.csproj", "{D4799E0F-3EBC-4EBB-BCB2-7393322D7235}"
EndProject
Project("{9A19103F-16F7-4668-BE54-9A1E7A4F7556}") = "ConsoleApp2-序列化和反序列化", "ConsoleApp2-序列化和反序列化\ConsoleApp2-序列化和反序列化.csproj", "{2BA2AB73-92A4-45F3-8B40-F8191F190B23}"
EndProject
Project("{9A19103F-16F7-4668-BE54-9A1E7A4F7556}") = "ConsoleApp2-部分类", "ConsoleApp2-部分类\ConsoleApp2-部分类.csproj", "{9FAEAFB0-D3E6-4D9A-A1EE-D60DF555311C}"
EndProject
Project("{9A19103F-16F7-4668-BE54-9A1E7A4F7556}") = "ConsoleApp2-密封类", "ConsoleApp2-密封类\ConsoleApp2-密封类.csproj", "{B8CD6A85-DD12-4976-92BC-1CC531D5B092}"
EndProject
Project("{9A19103F-16F7-4668-BE54-9A1E7A4F7556}") = "ConsoleApp2-接口", "ConsoleApp2-接口\ConsoleApp2-接口.csproj", "{84AF23C4-23D1-4377-BF14-8273F781C886}"
EndProject
Project("{9A19103F-16F7-4668-BE54-9A1E7A4F7556}") = "ConsoleApp2-显示实现接口", "ConsoleApp2-显示实现接口\ConsoleApp2-显示实现接口.csproj", "{44C66704-F510-4792-B854-381164A9E2A6}"
EndProject
Project("{9A19103F-16F7-4668-BE54-9A1E7A4F7556}") = "ConsoleApp2-多态虚方法", "ConsoleApp2-多态虚方法\ConsoleApp2-多态虚方法.csproj", "{9F32DFC3-43D4-4298-A915-53115C649F62}"
EndProject
Project("{9A19103F-16F7-4668-BE54-9A1E7A4F7556}") = "ConsoleApp2-抽象类", "ConsoleApp2-抽象类\ConsoleApp2-抽象类.csproj", "{CAA3EBFE-206F-4EF2-9749-60986198377F}"
EndProject
Project("{9A19103F-16F7-4668-BE54-9A1E7A4F7556}") = "ConsoleApp2-字符串的方法", "ConsoleApp2-字符串的方法\ConsoleApp2-字符串的方法.csproj", "{77C95DC7-347A-417F-967B-D1F7077C5764}"
EndProject
Project("{9A19103F-16F7-4668-BE54-9A1E7A4F7556}") = "ConsoleApp2-继承", "ConsoleApp2-继承\ConsoleApp2-继承.csproj", "{F0FC2EE0-B06F-4F3D-B8A3-2268CAE00626}"
EndProject
Project("{9A19103F-16F7-4668-BE54-9A1E7A4F7556}") = "ConsoleApp2-关键字new", "ConsoleApp2-关键字new\ConsoleApp2-关键字new.csproj", "{9390BA9A-5985-4A29-8F52-FAA405E8C207}"
EndProject
Project("{9A19103F-16F7-4668-BE54-9A1E7A4F7556}") = "ConsoleApp2-ArrayList集合", "ConsoleApp2-ArrayList集合\ConsoleApp2-ArrayList集合.csproj", "{92E604AF-388B-4D14-ADFB-AB485EC49B72}"
EndProject
Project("{9A19103F-16F7-4668-BE54-9A1E7A4F7556}") = "ConsoleApp2-Hashtable", "ConsoleApp2-Hashtable\ConsoleApp2-Hashtable.csproj", "{E0E3DA63-FFB3-4BC9-99A0-81AA85D1CC96}"
EndProject
Project("{9A19103F-16F7-4668-BE54-9A1E7A4F7556}") = "ConsoleApp2-构造函数", "ConsoleApp2-构造函数\ConsoleApp2-构造函数.csproj", "{9ACF219D-9E85-4FD4-9C6E-6BCF8E217537}"
EndProject
Project("{9A19103F-16F7-4668-BE54-9A1E7A4F7556}") = "ConsoleApp2-重写ToString", "ConsoleApp2-重写ToString\ConsoleApp2-重写ToString.csproj", "{B413D752-27DF-462B-8321-4FBDAE248BBD}"
EndProject
Project("{9A19103F-16F7-4668-BE54-9A1E7A4F7556}") = "ConsoleApp2-超市收银系统", "ConsoleApp2-超市收银系统\ConsoleApp2-超市收银系统.csproj", "{44A4D1EB-FE7F-48DD-BF77-02DE8A0A2BA5}"
EndProject
Project("{9A19103F-16F7-4668-BE54-9A1E7A4F7556}") = "ConsoleApp2-MD5加密", "ConsoleApp2-MD5加密\ConsoleApp2-MD5加密.csproj", "{170E8C17-0FD5-4560-9FFC-DFD38064ACC1}"
EndProject
Project("{2150E333-8FDC-42A3-9474-1A3956D46DE8}") = "CSharp", "CSharp", "{FF212B0F-651A-4667-84C9-24D1810B9877}"
EndProject
Project("{2150E333-8FDC-42A3-9474-1A3956D46DE8}") = "WinForm", "WinForm", "{F0958634-1892-4896-AC18-567428435777}"
EndProject
Project("{FAE04EC0-301F-11D3-BF4B-00C04F79EFBC}") = "WindowsFormsApp1", "WindowsFormsApp1\WindowsFormsApp1.csproj", "{625ACEBF-CD6A-468B-9A5E-709DEEB829B0}"
EndProject
Project("{FAE04EC0-301F-11D3-BF4B-00C04F79EFBC}") = "WindowsFormsApp2-Label和TextBox", "WindowsFormsApp2-Label和TextBox\WindowsFormsApp2-Label和TextBox.csproj", "{1C386F0B-E4E8-4B6F-97EE-90D7978392BE}"
EndProject
Project("{FAE04EC0-301F-11D3-BF4B-00C04F79EFBC}") = "WindowsFormsApp2-PictureBox", "WindowsFormsApp2-PictureBox\WindowsFormsApp2-PictureBox.csproj", "{2C29A68D-640B-4481-93B2-9403D9D855C6}"
EndProject
Project("{FAE04EC0-301F-11D3-BF4B-00C04F79EFBC}") = "WindowsFormsApp2-播放音乐", "WindowsFormsApp2-播放音乐\WindowsFormsApp2-播放音乐.csproj", "{C96DA8D3-9537-4618-AA6B-A59671F52DF3}"
EndProject
Project("{FAE04EC0-301F-11D3-BF4B-00C04F79EFBC}") = "ConsoleApp2-进程类", "ConsoleApp2-进程类\ConsoleApp2-进程类.csproj", "{35FFE11F-388D-4643-AD44-F487A260698D}"
EndProject
Project("{FAE04EC0-301F-11D3-BF4B-00C04F79EFBC}") = "WindowsFormsApp2-多线程", "WindowsFormsApp2-多线程\WindowsFormsApp2-多线程.csproj", "{58120148-C7BD-4F4A-A6F0-C26C05303DA2}"
EndProject
Project("{FAE04EC0-301F-11D3-BF4B-00C04F79EFBC}") = "WindowsFormsApp2-摇奖机", "WindowsFormsApp2-摇奖机\WindowsFormsApp2-摇奖机.csproj", "{4C471F55-8DF5-4B52-BE95-18DBE62D1A9C}"
EndProject
Project("{FAE04EC0-301F-11D3-BF4B-00C04F79EFBC}") = "WindowsFormsApp2-画验证码", "WindowsFormsApp2-画验证码\WindowsFormsApp2-画验证码.csproj", "{FD81BA6C-326A-4F4F-A4AD-5FD34111054B}"
EndProject
Project("{FAE04EC0-301F-11D3-BF4B-00C04F79EFBC}") = "WindowsFormsApp2-Server", "WindowsFormsApp2-Server\WindowsFormsApp2-Server.csproj", "{529BE50C-D36C-4645-8909-BEA54A9902BF}"
EndProject
Project("{FAE04EC0-301F-11D3-BF4B-00C04F79EFBC}") = "WindowsFormsApp2-Client", "WindowsFormsApp2-Client\WindowsFormsApp2-Client.csproj", "{070D5534-6022-4507-984D-2698747D9BE4}"
EndProject
Project("{FAE04EC0-301F-11D3-BF4B-00C04F79EFBC}") = "WindowsFormsApp2-GDI画直线", "WindowsFormsApp2-GDI画直线\WindowsFormsApp2-GDI画直线.csproj", "{28EE587B-6BFF-4ECC-94A5-DB8D2B2D5F6E}"
EndProject
Project("{9A19103F-16F7-4668-BE54-9A1E7A4F7556}") = "ConsoleApp2-Directory操作目录", "ConsoleApp2-Directory操作目录\ConsoleApp2-Directory操作目录.csproj", "{41836C51-57BC-4763-AA3D-1D1BEAAB7BD4}"
EndProject
Project("{FAE04EC0-301F-11D3-BF4B-00C04F79EFBC}") = "WindowsFormsApp2-简单播放器", "WindowsFormsApp2-简单播放器\WindowsFormsApp2-简单播放器.csproj", "{6F71120F-41E2-450B-8567-BC1C8BA39750}"
EndProject
Project("{FAE04EC0-301F-11D3-BF4B-00C04F79EFBC}") = "WindowsFormsApp2-单例模式", "WindowsFormsApp2-单例模式\WindowsFormsApp2-单例模式.csproj", "{0142C956-FAFE-457F-85AA-24EBA0236F4C}"
EndProject
Project("{9A19103F-16F7-4668-BE54-9A1E7A4F7556}") = "ConsoleApp2-创建XML文档", "ConsoleApp2-创建XML文档\ConsoleApp2-创建XML文档.csproj", "{E6A0E86D-7224-4526-8D91-738DD08B50C8}"
EndProject
Project("{9A19103F-16F7-4668-BE54-9A1E7A4F7556}") = "ConsoleApp2-追加XML文档", "ConsoleApp2-追加XML文档\ConsoleApp2-追加XML文档.csproj", "{E1C9AEF9-F8C0-4ECE-9A0D-603834881DEE}"
EndProject
Project("{9A19103F-16F7-4668-BE54-9A1E7A4F7556}") = "ConsoleApp2-读取XML文档", "ConsoleApp2-读取XML文档\ConsoleApp2-读取XML文档.csproj", "{14F53F65-15E0-4BF4-9C21-FBDB5E707F38}"
EndProject
Project("{9A19103F-16F7-4668-BE54-9A1E7A4F7556}") = "ConsoleApp2-委托", "ConsoleApp2-委托\ConsoleApp2-委托.csproj", "{EE96ED12-A84B-42A9-89E9-DD0FAF046B43}"
EndProject
Project("{FAE04EC0-301F-11D3-BF4B-00C04F79EFBC}") = "WindowsFormsApp2-委托", "WindowsFormsApp2-委托\WindowsFormsApp2-委托.csproj", "{88E0E859-7854-486D-930F-01689F7EBFB4}"
EndProject
Project("{9A19103F-16F7-4668-BE54-9A1E7A4F7556}") = "ConsoleApp2-正则表达式", "ConsoleApp2-正则表达式\ConsoleApp2-正则表达式.csproj", "{606499D9-AC69-462A-9D3F-EFC75ACE93D2}"
EndProject
Project("{9A19103F-16F7-4668-BE54-9A1E7A4F7556}") = "ConsoleApp2-Action委托", "ConsoleApp2-Action委托\ConsoleApp2-Action委托.csproj", "{592E3EC0-CED0-4AC5-957C-F85595DE5F2C}"
EndProject
Project("{9A19103F-16F7-4668-BE54-9A1E7A4F7556}") = "ConsoleApp2-Lambda表达式", "ConsoleApp2-Lambda表达式\ConsoleApp2-Lambda表达式.csproj", "{ECB49AE5-7E05-4486-827C-B360666F14CC}"
EndProject
Project("{9A19103F-16F7-4668-BE54-9A1E7A4F7556}") = "ConsoleApp2-反射", "ConsoleApp2-反射\ConsoleApp2-反射.csproj", "{110C9FD9-2D47-4C1E-952A-E5DED7AD915A}"
EndProject
Project("{9A19103F-16F7-4668-BE54-9A1E7A4F7556}") = "ConsoleApp2-接口解耦合", "ConsoleApp2-接口解耦合\ConsoleApp2-接口解耦合.csproj", "{A4B3EB4B-5710-4E7A-9DF4-E5939DB01D45}"
EndProject
Project("{FAE04EC0-301F-11D3-BF4B-00C04F79EFBC}") = "ConsoleApp2-事件", "ConsoleApp2-事件\ConsoleApp2-事件.csproj", "{81E96B03-9152-42FB-82B1-F5434FB6C626}"
EndProject
Global
	GlobalSection(SolutionConfigurationPlatforms) = preSolution
		Debug|Any CPU = Debug|Any CPU
		Release|Any CPU = Release|Any CPU
	EndGlobalSection
	GlobalSection(ProjectConfigurationPlatforms) = postSolution
		{FA8E8264-85A3-4CE8-BAB2-EF86DE64FCDF}.Debug|Any CPU.ActiveCfg = Debug|Any CPU
		{FA8E8264-85A3-4CE8-BAB2-EF86DE64FCDF}.Debug|Any CPU.Build.0 = Debug|Any CPU
		{FA8E8264-85A3-4CE8-BAB2-EF86DE64FCDF}.Release|Any CPU.ActiveCfg = Release|Any CPU
		{FA8E8264-85A3-4CE8-BAB2-EF86DE64FCDF}.Release|Any CPU.Build.0 = Release|Any CPU
		{2EBB11FF-FF19-4DB0-A8E8-C85785ED1A70}.Debug|Any CPU.ActiveCfg = Debug|Any CPU
		{2EBB11FF-FF19-4DB0-A8E8-C85785ED1A70}.Debug|Any CPU.Build.0 = Debug|Any CPU
		{2EBB11FF-FF19-4DB0-A8E8-C85785ED1A70}.Release|Any CPU.ActiveCfg = Release|Any CPU
		{2EBB11FF-FF19-4DB0-A8E8-C85785ED1A70}.Release|Any CPU.Build.0 = Release|Any CPU
		{563D714D-30F6-4854-B9F7-ACBFED79963F}.Debug|Any CPU.ActiveCfg = Debug|Any CPU
		{563D714D-30F6-4854-B9F7-ACBFED79963F}.Debug|Any CPU.Build.0 = Debug|Any CPU
		{563D714D-30F6-4854-B9F7-ACBFED79963F}.Release|Any CPU.ActiveCfg = Release|Any CPU
		{563D714D-30F6-4854-B9F7-ACBFED79963F}.Release|Any CPU.Build.0 = Release|Any CPU
		{55CA6979-4B49-4005-800B-C48086841EC2}.Debug|Any CPU.ActiveCfg = Debug|Any CPU
		{55CA6979-4B49-4005-800B-C48086841EC2}.Debug|Any CPU.Build.0 = Debug|Any CPU
		{55CA6979-4B49-4005-800B-C48086841EC2}.Release|Any CPU.ActiveCfg = Release|Any CPU
		{55CA6979-4B49-4005-800B-C48086841EC2}.Release|Any CPU.Build.0 = Release|Any CPU
		{FF292DDD-8770-46C4-AF17-686D0872F6B3}.Debug|Any CPU.ActiveCfg = Debug|Any CPU
		{FF292DDD-8770-46C4-AF17-686D0872F6B3}.Debug|Any CPU.Build.0 = Debug|Any CPU
		{FF292DDD-8770-46C4-AF17-686D0872F6B3}.Release|Any CPU.ActiveCfg = Release|Any CPU
		{FF292DDD-8770-46C4-AF17-686D0872F6B3}.Release|Any CPU.Build.0 = Release|Any CPU
		{A607D058-395F-425C-B3AA-1BAED6305121}.Debug|Any CPU.ActiveCfg = Debug|Any CPU
		{A607D058-395F-425C-B3AA-1BAED6305121}.Debug|Any CPU.Build.0 = Debug|Any CPU
		{A607D058-395F-425C-B3AA-1BAED6305121}.Release|Any CPU.ActiveCfg = Release|Any CPU
		{A607D058-395F-425C-B3AA-1BAED6305121}.Release|Any CPU.Build.0 = Release|Any CPU
		{D4799E0F-3EBC-4EBB-BCB2-7393322D7235}.Debug|Any CPU.ActiveCfg = Debug|Any CPU
		{D4799E0F-3EBC-4EBB-BCB2-7393322D7235}.Debug|Any CPU.Build.0 = Debug|Any CPU
		{D4799E0F-3EBC-4EBB-BCB2-7393322D7235}.Release|Any CPU.ActiveCfg = Release|Any CPU
		{D4799E0F-3EBC-4EBB-BCB2-7393322D7235}.Release|Any CPU.Build.0 = Release|Any CPU
		{2BA2AB73-92A4-45F3-8B40-F8191F190B23}.Debug|Any CPU.ActiveCfg = Debug|Any CPU
		{2BA2AB73-92A4-45F3-8B40-F8191F190B23}.Debug|Any CPU.Build.0 = Debug|Any CPU
		{2BA2AB73-92A4-45F3-8B40-F8191F190B23}.Release|Any CPU.ActiveCfg = Release|Any CPU
		{2BA2AB73-92A4-45F3-8B40-F8191F190B23}.Release|Any CPU.Build.0 = Release|Any CPU
		{9FAEAFB0-D3E6-4D9A-A1EE-D60DF555311C}.Debug|Any CPU.ActiveCfg = Debug|Any CPU
		{9FAEAFB0-D3E6-4D9A-A1EE-D60DF555311C}.Debug|Any CPU.Build.0 = Debug|Any CPU
		{9FAEAFB0-D3E6-4D9A-A1EE-D60DF555311C}.Release|Any CPU.ActiveCfg = Release|Any CPU
		{9FAEAFB0-D3E6-4D9A-A1EE-D60DF555311C}.Release|Any CPU.Build.0 = Release|Any CPU
		{B8CD6A85-DD12-4976-92BC-1CC531D5B092}.Debug|Any CPU.ActiveCfg = Debug|Any CPU
		{B8CD6A85-DD12-4976-92BC-1CC531D5B092}.Debug|Any CPU.Build.0 = Debug|Any CPU
		{B8CD6A85-DD12-4976-92BC-1CC531D5B092}.Release|Any CPU.ActiveCfg = Release|Any CPU
		{B8CD6A85-DD12-4976-92BC-1CC531D5B092}.Release|Any CPU.Build.0 = Release|Any CPU
		{84AF23C4-23D1-4377-BF14-8273F781C886}.Debug|Any CPU.ActiveCfg = Debug|Any CPU
		{84AF23C4-23D1-4377-BF14-8273F781C886}.Debug|Any CPU.Build.0 = Debug|Any CPU
		{84AF23C4-23D1-4377-BF14-8273F781C886}.Release|Any CPU.ActiveCfg = Release|Any CPU
		{84AF23C4-23D1-4377-BF14-8273F781C886}.Release|Any CPU.Build.0 = Release|Any CPU
		{44C66704-F510-4792-B854-381164A9E2A6}.Debug|Any CPU.ActiveCfg = Debug|Any CPU
		{44C66704-F510-4792-B854-381164A9E2A6}.Debug|Any CPU.Build.0 = Debug|Any CPU
		{44C66704-F510-4792-B854-381164A9E2A6}.Release|Any CPU.ActiveCfg = Release|Any CPU
		{44C66704-F510-4792-B854-381164A9E2A6}.Release|Any CPU.Build.0 = Release|Any CPU
		{9F32DFC3-43D4-4298-A915-53115C649F62}.Debug|Any CPU.ActiveCfg = Debug|Any CPU
		{9F32DFC3-43D4-4298-A915-53115C649F62}.Debug|Any CPU.Build.0 = Debug|Any CPU
		{9F32DFC3-43D4-4298-A915-53115C649F62}.Release|Any CPU.ActiveCfg = Release|Any CPU
		{9F32DFC3-43D4-4298-A915-53115C649F62}.Release|Any CPU.Build.0 = Release|Any CPU
		{CAA3EBFE-206F-4EF2-9749-60986198377F}.Debug|Any CPU.ActiveCfg = Debug|Any CPU
		{CAA3EBFE-206F-4EF2-9749-60986198377F}.Debug|Any CPU.Build.0 = Debug|Any CPU
		{CAA3EBFE-206F-4EF2-9749-60986198377F}.Release|Any CPU.ActiveCfg = Release|Any CPU
		{CAA3EBFE-206F-4EF2-9749-60986198377F}.Release|Any CPU.Build.0 = Release|Any CPU
		{77C95DC7-347A-417F-967B-D1F7077C5764}.Debug|Any CPU.ActiveCfg = Debug|Any CPU
		{77C95DC7-347A-417F-967B-D1F7077C5764}.Debug|Any CPU.Build.0 = Debug|Any CPU
		{77C95DC7-347A-417F-967B-D1F7077C5764}.Release|Any CPU.ActiveCfg = Release|Any CPU
		{77C95DC7-347A-417F-967B-D1F7077C5764}.Release|Any CPU.Build.0 = Release|Any CPU
		{F0FC2EE0-B06F-4F3D-B8A3-2268CAE00626}.Debug|Any CPU.ActiveCfg = Debug|Any CPU
		{F0FC2EE0-B06F-4F3D-B8A3-2268CAE00626}.Debug|Any CPU.Build.0 = Debug|Any CPU
		{F0FC2EE0-B06F-4F3D-B8A3-2268CAE00626}.Release|Any CPU.ActiveCfg = Release|Any CPU
		{F0FC2EE0-B06F-4F3D-B8A3-2268CAE00626}.Release|Any CPU.Build.0 = Release|Any CPU
		{9390BA9A-5985-4A29-8F52-FAA405E8C207}.Debug|Any CPU.ActiveCfg = Debug|Any CPU
		{9390BA9A-5985-4A29-8F52-FAA405E8C207}.Debug|Any CPU.Build.0 = Debug|Any CPU
		{9390BA9A-5985-4A29-8F52-FAA405E8C207}.Release|Any CPU.ActiveCfg = Release|Any CPU
		{9390BA9A-5985-4A29-8F52-FAA405E8C207}.Release|Any CPU.Build.0 = Release|Any CPU
		{92E604AF-388B-4D14-ADFB-AB485EC49B72}.Debug|Any CPU.ActiveCfg = Debug|Any CPU
		{92E604AF-388B-4D14-ADFB-AB485EC49B72}.Debug|Any CPU.Build.0 = Debug|Any CPU
		{92E604AF-388B-4D14-ADFB-AB485EC49B72}.Release|Any CPU.ActiveCfg = Release|Any CPU
		{92E604AF-388B-4D14-ADFB-AB485EC49B72}.Release|Any CPU.Build.0 = Release|Any CPU
		{E0E3DA63-FFB3-4BC9-99A0-81AA85D1CC96}.Debug|Any CPU.ActiveCfg = Debug|Any CPU
		{E0E3DA63-FFB3-4BC9-99A0-81AA85D1CC96}.Debug|Any CPU.Build.0 = Debug|Any CPU
		{E0E3DA63-FFB3-4BC9-99A0-81AA85D1CC96}.Release|Any CPU.ActiveCfg = Release|Any CPU
		{E0E3DA63-FFB3-4BC9-99A0-81AA85D1CC96}.Release|Any CPU.Build.0 = Release|Any CPU
		{9ACF219D-9E85-4FD4-9C6E-6BCF8E217537}.Debug|Any CPU.ActiveCfg = Debug|Any CPU
		{9ACF219D-9E85-4FD4-9C6E-6BCF8E217537}.Debug|Any CPU.Build.0 = Debug|Any CPU
		{9ACF219D-9E85-4FD4-9C6E-6BCF8E217537}.Release|Any CPU.ActiveCfg = Release|Any CPU
		{9ACF219D-9E85-4FD4-9C6E-6BCF8E217537}.Release|Any CPU.Build.0 = Release|Any CPU
		{B413D752-27DF-462B-8321-4FBDAE248BBD}.Debug|Any CPU.ActiveCfg = Debug|Any CPU
		{B413D752-27DF-462B-8321-4FBDAE248BBD}.Debug|Any CPU.Build.0 = Debug|Any CPU
		{B413D752-27DF-462B-8321-4FBDAE248BBD}.Release|Any CPU.ActiveCfg = Release|Any CPU
		{B413D752-27DF-462B-8321-4FBDAE248BBD}.Release|Any CPU.Build.0 = Release|Any CPU
		{44A4D1EB-FE7F-48DD-BF77-02DE8A0A2BA5}.Debug|Any CPU.ActiveCfg = Debug|Any CPU
		{44A4D1EB-FE7F-48DD-BF77-02DE8A0A2BA5}.Debug|Any CPU.Build.0 = Debug|Any CPU
		{44A4D1EB-FE7F-48DD-BF77-02DE8A0A2BA5}.Release|Any CPU.ActiveCfg = Release|Any CPU
		{44A4D1EB-FE7F-48DD-BF77-02DE8A0A2BA5}.Release|Any CPU.Build.0 = Release|Any CPU
		{170E8C17-0FD5-4560-9FFC-DFD38064ACC1}.Debug|Any CPU.ActiveCfg = Debug|Any CPU
		{170E8C17-0FD5-4560-9FFC-DFD38064ACC1}.Debug|Any CPU.Build.0 = Debug|Any CPU
		{170E8C17-0FD5-4560-9FFC-DFD38064ACC1}.Release|Any CPU.ActiveCfg = Release|Any CPU
		{170E8C17-0FD5-4560-9FFC-DFD38064ACC1}.Release|Any CPU.Build.0 = Release|Any CPU
		{625ACEBF-CD6A-468B-9A5E-709DEEB829B0}.Debug|Any CPU.ActiveCfg = Debug|Any CPU
		{625ACEBF-CD6A-468B-9A5E-709DEEB829B0}.Debug|Any CPU.Build.0 = Debug|Any CPU
		{625ACEBF-CD6A-468B-9A5E-709DEEB829B0}.Release|Any CPU.ActiveCfg = Release|Any CPU
		{625ACEBF-CD6A-468B-9A5E-709DEEB829B0}.Release|Any CPU.Build.0 = Release|Any CPU
		{1C386F0B-E4E8-4B6F-97EE-90D7978392BE}.Debug|Any CPU.ActiveCfg = Debug|Any CPU
		{1C386F0B-E4E8-4B6F-97EE-90D7978392BE}.Debug|Any CPU.Build.0 = Debug|Any CPU
		{1C386F0B-E4E8-4B6F-97EE-90D7978392BE}.Release|Any CPU.ActiveCfg = Release|Any CPU
		{1C386F0B-E4E8-4B6F-97EE-90D7978392BE}.Release|Any CPU.Build.0 = Release|Any CPU
		{2C29A68D-640B-4481-93B2-9403D9D855C6}.Debug|Any CPU.ActiveCfg = Debug|Any CPU
		{2C29A68D-640B-4481-93B2-9403D9D855C6}.Debug|Any CPU.Build.0 = Debug|Any CPU
		{2C29A68D-640B-4481-93B2-9403D9D855C6}.Release|Any CPU.ActiveCfg = Release|Any CPU
		{2C29A68D-640B-4481-93B2-9403D9D855C6}.Release|Any CPU.Build.0 = Release|Any CPU
		{C96DA8D3-9537-4618-AA6B-A59671F52DF3}.Debug|Any CPU.ActiveCfg = Debug|Any CPU
		{C96DA8D3-9537-4618-AA6B-A59671F52DF3}.Debug|Any CPU.Build.0 = Debug|Any CPU
		{C96DA8D3-9537-4618-AA6B-A59671F52DF3}.Release|Any CPU.ActiveCfg = Release|Any CPU
		{C96DA8D3-9537-4618-AA6B-A59671F52DF3}.Release|Any CPU.Build.0 = Release|Any CPU
		{35FFE11F-388D-4643-AD44-F487A260698D}.Debug|Any CPU.ActiveCfg = Debug|Any CPU
		{35FFE11F-388D-4643-AD44-F487A260698D}.Debug|Any CPU.Build.0 = Debug|Any CPU
		{35FFE11F-388D-4643-AD44-F487A260698D}.Release|Any CPU.ActiveCfg = Release|Any CPU
		{35FFE11F-388D-4643-AD44-F487A260698D}.Release|Any CPU.Build.0 = Release|Any CPU
		{58120148-C7BD-4F4A-A6F0-C26C05303DA2}.Debug|Any CPU.ActiveCfg = Debug|Any CPU
		{58120148-C7BD-4F4A-A6F0-C26C05303DA2}.Debug|Any CPU.Build.0 = Debug|Any CPU
		{58120148-C7BD-4F4A-A6F0-C26C05303DA2}.Release|Any CPU.ActiveCfg = Release|Any CPU
		{58120148-C7BD-4F4A-A6F0-C26C05303DA2}.Release|Any CPU.Build.0 = Release|Any CPU
		{4C471F55-8DF5-4B52-BE95-18DBE62D1A9C}.Debug|Any CPU.ActiveCfg = Debug|Any CPU
		{4C471F55-8DF5-4B52-BE95-18DBE62D1A9C}.Debug|Any CPU.Build.0 = Debug|Any CPU
		{4C471F55-8DF5-4B52-BE95-18DBE62D1A9C}.Release|Any CPU.ActiveCfg = Release|Any CPU
		{4C471F55-8DF5-4B52-BE95-18DBE62D1A9C}.Release|Any CPU.Build.0 = Release|Any CPU
		{FD81BA6C-326A-4F4F-A4AD-5FD34111054B}.Debug|Any CPU.ActiveCfg = Debug|Any CPU
		{FD81BA6C-326A-4F4F-A4AD-5FD34111054B}.Debug|Any CPU.Build.0 = Debug|Any CPU
		{FD81BA6C-326A-4F4F-A4AD-5FD34111054B}.Release|Any CPU.ActiveCfg = Release|Any CPU
		{FD81BA6C-326A-4F4F-A4AD-5FD34111054B}.Release|Any CPU.Build.0 = Release|Any CPU
		{529BE50C-D36C-4645-8909-BEA54A9902BF}.Debug|Any CPU.ActiveCfg = Debug|Any CPU
		{529BE50C-D36C-4645-8909-BEA54A9902BF}.Debug|Any CPU.Build.0 = Debug|Any CPU
		{529BE50C-D36C-4645-8909-BEA54A9902BF}.Release|Any CPU.ActiveCfg = Release|Any CPU
		{529BE50C-D36C-4645-8909-BEA54A9902BF}.Release|Any CPU.Build.0 = Release|Any CPU
		{070D5534-6022-4507-984D-2698747D9BE4}.Debug|Any CPU.ActiveCfg = Debug|Any CPU
		{070D5534-6022-4507-984D-2698747D9BE4}.Debug|Any CPU.Build.0 = Debug|Any CPU
		{070D5534-6022-4507-984D-2698747D9BE4}.Release|Any CPU.ActiveCfg = Release|Any CPU
		{070D5534-6022-4507-984D-2698747D9BE4}.Release|Any CPU.Build.0 = Release|Any CPU
		{28EE587B-6BFF-4ECC-94A5-DB8D2B2D5F6E}.Debug|Any CPU.ActiveCfg = Debug|Any CPU
		{28EE587B-6BFF-4ECC-94A5-DB8D2B2D5F6E}.Debug|Any CPU.Build.0 = Debug|Any CPU
		{28EE587B-6BFF-4ECC-94A5-DB8D2B2D5F6E}.Release|Any CPU.ActiveCfg = Release|Any CPU
		{28EE587B-6BFF-4ECC-94A5-DB8D2B2D5F6E}.Release|Any CPU.Build.0 = Release|Any CPU
		{41836C51-57BC-4763-AA3D-1D1BEAAB7BD4}.Debug|Any CPU.ActiveCfg = Debug|Any CPU
		{41836C51-57BC-4763-AA3D-1D1BEAAB7BD4}.Debug|Any CPU.Build.0 = Debug|Any CPU
		{41836C51-57BC-4763-AA3D-1D1BEAAB7BD4}.Release|Any CPU.ActiveCfg = Release|Any CPU
		{41836C51-57BC-4763-AA3D-1D1BEAAB7BD4}.Release|Any CPU.Build.0 = Release|Any CPU
		{6F71120F-41E2-450B-8567-BC1C8BA39750}.Debug|Any CPU.ActiveCfg = Debug|Any CPU
		{6F71120F-41E2-450B-8567-BC1C8BA39750}.Debug|Any CPU.Build.0 = Debug|Any CPU
		{6F71120F-41E2-450B-8567-BC1C8BA39750}.Release|Any CPU.ActiveCfg = Release|Any CPU
		{6F71120F-41E2-450B-8567-BC1C8BA39750}.Release|Any CPU.Build.0 = Release|Any CPU
		{0142C956-FAFE-457F-85AA-24EBA0236F4C}.Debug|Any CPU.ActiveCfg = Debug|Any CPU
		{0142C956-FAFE-457F-85AA-24EBA0236F4C}.Debug|Any CPU.Build.0 = Debug|Any CPU
		{0142C956-FAFE-457F-85AA-24EBA0236F4C}.Release|Any CPU.ActiveCfg = Release|Any CPU
		{0142C956-FAFE-457F-85AA-24EBA0236F4C}.Release|Any CPU.Build.0 = Release|Any CPU
		{E6A0E86D-7224-4526-8D91-738DD08B50C8}.Debug|Any CPU.ActiveCfg = Debug|Any CPU
		{E6A0E86D-7224-4526-8D91-738DD08B50C8}.Debug|Any CPU.Build.0 = Debug|Any CPU
		{E6A0E86D-7224-4526-8D91-738DD08B50C8}.Release|Any CPU.ActiveCfg = Release|Any CPU
		{E6A0E86D-7224-4526-8D91-738DD08B50C8}.Release|Any CPU.Build.0 = Release|Any CPU
		{E1C9AEF9-F8C0-4ECE-9A0D-603834881DEE}.Debug|Any CPU.ActiveCfg = Debug|Any CPU
		{E1C9AEF9-F8C0-4ECE-9A0D-603834881DEE}.Debug|Any CPU.Build.0 = Debug|Any CPU
		{E1C9AEF9-F8C0-4ECE-9A0D-603834881DEE}.Release|Any CPU.ActiveCfg = Release|Any CPU
		{E1C9AEF9-F8C0-4ECE-9A0D-603834881DEE}.Release|Any CPU.Build.0 = Release|Any CPU
		{14F53F65-15E0-4BF4-9C21-FBDB5E707F38}.Debug|Any CPU.ActiveCfg = Debug|Any CPU
		{14F53F65-15E0-4BF4-9C21-FBDB5E707F38}.Debug|Any CPU.Build.0 = Debug|Any CPU
		{14F53F65-15E0-4BF4-9C21-FBDB5E707F38}.Release|Any CPU.ActiveCfg = Release|Any CPU
		{14F53F65-15E0-4BF4-9C21-FBDB5E707F38}.Release|Any CPU.Build.0 = Release|Any CPU
		{EE96ED12-A84B-42A9-89E9-DD0FAF046B43}.Debug|Any CPU.ActiveCfg = Debug|Any CPU
		{EE96ED12-A84B-42A9-89E9-DD0FAF046B43}.Debug|Any CPU.Build.0 = Debug|Any CPU
		{EE96ED12-A84B-42A9-89E9-DD0FAF046B43}.Release|Any CPU.ActiveCfg = Release|Any CPU
		{EE96ED12-A84B-42A9-89E9-DD0FAF046B43}.Release|Any CPU.Build.0 = Release|Any CPU
		{88E0E859-7854-486D-930F-01689F7EBFB4}.Debug|Any CPU.ActiveCfg = Debug|Any CPU
		{88E0E859-7854-486D-930F-01689F7EBFB4}.Debug|Any CPU.Build.0 = Debug|Any CPU
		{88E0E859-7854-486D-930F-01689F7EBFB4}.Release|Any CPU.ActiveCfg = Release|Any CPU
		{88E0E859-7854-486D-930F-01689F7EBFB4}.Release|Any CPU.Build.0 = Release|Any CPU
		{606499D9-AC69-462A-9D3F-EFC75ACE93D2}.Debug|Any CPU.ActiveCfg = Debug|Any CPU
		{606499D9-AC69-462A-9D3F-EFC75ACE93D2}.Debug|Any CPU.Build.0 = Debug|Any CPU
		{606499D9-AC69-462A-9D3F-EFC75ACE93D2}.Release|Any CPU.ActiveCfg = Release|Any CPU
		{606499D9-AC69-462A-9D3F-EFC75ACE93D2}.Release|Any CPU.Build.0 = Release|Any CPU
		{592E3EC0-CED0-4AC5-957C-F85595DE5F2C}.Debug|Any CPU.ActiveCfg = Debug|Any CPU
		{592E3EC0-CED0-4AC5-957C-F85595DE5F2C}.Debug|Any CPU.Build.0 = Debug|Any CPU
		{592E3EC0-CED0-4AC5-957C-F85595DE5F2C}.Release|Any CPU.ActiveCfg = Release|Any CPU
		{592E3EC0-CED0-4AC5-957C-F85595DE5F2C}.Release|Any CPU.Build.0 = Release|Any CPU
		{ECB49AE5-7E05-4486-827C-B360666F14CC}.Debug|Any CPU.ActiveCfg = Debug|Any CPU
		{ECB49AE5-7E05-4486-827C-B360666F14CC}.Debug|Any CPU.Build.0 = Debug|Any CPU
		{ECB49AE5-7E05-4486-827C-B360666F14CC}.Release|Any CPU.ActiveCfg = Release|Any CPU
		{ECB49AE5-7E05-4486-827C-B360666F14CC}.Release|Any CPU.Build.0 = Release|Any CPU
		{110C9FD9-2D47-4C1E-952A-E5DED7AD915A}.Debug|Any CPU.ActiveCfg = Debug|Any CPU
		{110C9FD9-2D47-4C1E-952A-E5DED7AD915A}.Debug|Any CPU.Build.0 = Debug|Any CPU
		{110C9FD9-2D47-4C1E-952A-E5DED7AD915A}.Release|Any CPU.ActiveCfg = Release|Any CPU
		{110C9FD9-2D47-4C1E-952A-E5DED7AD915A}.Release|Any CPU.Build.0 = Release|Any CPU
		{A4B3EB4B-5710-4E7A-9DF4-E5939DB01D45}.Debug|Any CPU.ActiveCfg = Debug|Any CPU
		{A4B3EB4B-5710-4E7A-9DF4-E5939DB01D45}.Debug|Any CPU.Build.0 = Debug|Any CPU
		{A4B3EB4B-5710-4E7A-9DF4-E5939DB01D45}.Release|Any CPU.ActiveCfg = Release|Any CPU
		{A4B3EB4B-5710-4E7A-9DF4-E5939DB01D45}.Release|Any CPU.Build.0 = Release|Any CPU
		{81E96B03-9152-42FB-82B1-F5434FB6C626}.Debug|Any CPU.ActiveCfg = Debug|Any CPU
		{81E96B03-9152-42FB-82B1-F5434FB6C626}.Debug|Any CPU.Build.0 = Debug|Any CPU
		{81E96B03-9152-42FB-82B1-F5434FB6C626}.Release|Any CPU.ActiveCfg = Release|Any CPU
		{81E96B03-9152-42FB-82B1-F5434FB6C626}.Release|Any CPU.Build.0 = Release|Any CPU
	EndGlobalSection
	GlobalSection(SolutionProperties) = preSolution
		HideSolutionNode = FALSE
	EndGlobalSection
	GlobalSection(NestedProjects) = preSolution
		{FA8E8264-85A3-4CE8-BAB2-EF86DE64FCDF} = {FF212B0F-651A-4667-84C9-24D1810B9877}
		{2EBB11FF-FF19-4DB0-A8E8-C85785ED1A70} = {FF212B0F-651A-4667-84C9-24D1810B9877}
		{563D714D-30F6-4854-B9F7-ACBFED79963F} = {FF212B0F-651A-4667-84C9-24D1810B9877}
		{55CA6979-4B49-4005-800B-C48086841EC2} = {FF212B0F-651A-4667-84C9-24D1810B9877}
		{FF292DDD-8770-46C4-AF17-686D0872F6B3} = {FF212B0F-651A-4667-84C9-24D1810B9877}
		{A607D058-395F-425C-B3AA-1BAED6305121} = {FF212B0F-651A-4667-84C9-24D1810B9877}
		{D4799E0F-3EBC-4EBB-BCB2-7393322D7235} = {FF212B0F-651A-4667-84C9-24D1810B9877}
		{2BA2AB73-92A4-45F3-8B40-F8191F190B23} = {FF212B0F-651A-4667-84C9-24D1810B9877}
		{9FAEAFB0-D3E6-4D9A-A1EE-D60DF555311C} = {FF212B0F-651A-4667-84C9-24D1810B9877}
		{B8CD6A85-DD12-4976-92BC-1CC531D5B092} = {FF212B0F-651A-4667-84C9-24D1810B9877}
		{84AF23C4-23D1-4377-BF14-8273F781C886} = {FF212B0F-651A-4667-84C9-24D1810B9877}
		{44C66704-F510-4792-B854-381164A9E2A6} = {FF212B0F-651A-4667-84C9-24D1810B9877}
		{9F32DFC3-43D4-4298-A915-53115C649F62} = {FF212B0F-651A-4667-84C9-24D1810B9877}
		{CAA3EBFE-206F-4EF2-9749-60986198377F} = {FF212B0F-651A-4667-84C9-24D1810B9877}
		{77C95DC7-347A-417F-967B-D1F7077C5764} = {FF212B0F-651A-4667-84C9-24D1810B9877}
		{F0FC2EE0-B06F-4F3D-B8A3-2268CAE00626} = {FF212B0F-651A-4667-84C9-24D1810B9877}
		{9390BA9A-5985-4A29-8F52-FAA405E8C207} = {FF212B0F-651A-4667-84C9-24D1810B9877}
		{92E604AF-388B-4D14-ADFB-AB485EC49B72} = {FF212B0F-651A-4667-84C9-24D1810B9877}
		{E0E3DA63-FFB3-4BC9-99A0-81AA85D1CC96} = {FF212B0F-651A-4667-84C9-24D1810B9877}
		{9ACF219D-9E85-4FD4-9C6E-6BCF8E217537} = {FF212B0F-651A-4667-84C9-24D1810B9877}
		{B413D752-27DF-462B-8321-4FBDAE248BBD} = {FF212B0F-651A-4667-84C9-24D1810B9877}
		{44A4D1EB-FE7F-48DD-BF77-02DE8A0A2BA5} = {FF212B0F-651A-4667-84C9-24D1810B9877}
		{170E8C17-0FD5-4560-9FFC-DFD38064ACC1} = {FF212B0F-651A-4667-84C9-24D1810B9877}
		{625ACEBF-CD6A-468B-9A5E-709DEEB829B0} = {F0958634-1892-4896-AC18-567428435777}
		{1C386F0B-E4E8-4B6F-97EE-90D7978392BE} = {F0958634-1892-4896-AC18-567428435777}
		{2C29A68D-640B-4481-93B2-9403D9D855C6} = {F0958634-1892-4896-AC18-567428435777}
		{C96DA8D3-9537-4618-AA6B-A59671F52DF3} = {F0958634-1892-4896-AC18-567428435777}
		{35FFE11F-388D-4643-AD44-F487A260698D} = {FF212B0F-651A-4667-84C9-24D1810B9877}
		{58120148-C7BD-4F4A-A6F0-C26C05303DA2} = {F0958634-1892-4896-AC18-567428435777}
		{4C471F55-8DF5-4B52-BE95-18DBE62D1A9C} = {F0958634-1892-4896-AC18-567428435777}
		{FD81BA6C-326A-4F4F-A4AD-5FD34111054B} = {F0958634-1892-4896-AC18-567428435777}
		{529BE50C-D36C-4645-8909-BEA54A9902BF} = {F0958634-1892-4896-AC18-567428435777}
		{070D5534-6022-4507-984D-2698747D9BE4} = {F0958634-1892-4896-AC18-567428435777}
		{28EE587B-6BFF-4ECC-94A5-DB8D2B2D5F6E} = {F0958634-1892-4896-AC18-567428435777}
		{41836C51-57BC-4763-AA3D-1D1BEAAB7BD4} = {FF212B0F-651A-4667-84C9-24D1810B9877}
		{6F71120F-41E2-450B-8567-BC1C8BA39750} = {F0958634-1892-4896-AC18-567428435777}
		{0142C956-FAFE-457F-85AA-24EBA0236F4C} = {F0958634-1892-4896-AC18-567428435777}
		{E6A0E86D-7224-4526-8D91-738DD08B50C8} = {FF212B0F-651A-4667-84C9-24D1810B9877}
		{E1C9AEF9-F8C0-4ECE-9A0D-603834881DEE} = {FF212B0F-651A-4667-84C9-24D1810B9877}
		{14F53F65-15E0-4BF4-9C21-FBDB5E707F38} = {FF212B0F-651A-4667-84C9-24D1810B9877}
		{EE96ED12-A84B-42A9-89E9-DD0FAF046B43} = {FF212B0F-651A-4667-84C9-24D1810B9877}
		{88E0E859-7854-486D-930F-01689F7EBFB4} = {F0958634-1892-4896-AC18-567428435777}
		{606499D9-AC69-462A-9D3F-EFC75ACE93D2} = {FF212B0F-651A-4667-84C9-24D1810B9877}
		{592E3EC0-CED0-4AC5-957C-F85595DE5F2C} = {FF212B0F-651A-4667-84C9-24D1810B9877}
		{ECB49AE5-7E05-4486-827C-B360666F14CC} = {FF212B0F-651A-4667-84C9-24D1810B9877}
		{110C9FD9-2D47-4C1E-952A-E5DED7AD915A} = {FF212B0F-651A-4667-84C9-24D1810B9877}
		{A4B3EB4B-5710-4E7A-9DF4-E5939DB01D45} = {FF212B0F-651A-4667-84C9-24D1810B9877}
		{81E96B03-9152-42FB-82B1-F5434FB6C626} = {FF212B0F-651A-4667-84C9-24D1810B9877}
	EndGlobalSection
	GlobalSection(ExtensibilityGlobals) = postSolution
		SolutionGuid = {A44644FA-3258-4BA9-95E5-6663A0367235}
	EndGlobalSection
EndGlobal
